
Microsoft Visual Studio Solution File, Format Version 12.00
# Visual Studio Version 17
VisualStudioVersion = 17.2.32602.215
MinimumVisualStudioVersion = 10.0.40219.1
Project("{9A19103F-16F7-4668-BE54-9A1E7A4F7556}") = "MaterialQuality.Processing", "MaterialQuality.Processing\MaterialQuality.Processing.csproj", "{5687B793-E2A6-46B5-BC88-7F2899EE1402}"
EndProject
Project("{9A19103F-16F7-4668-BE54-9A1E7A4F7556}") = "MaterialQuality.Tests", "MaterialQuality.Tests\MaterialQuality.Tests.csproj", "{8850089A-8DD4-4EEE-8B16-BE21A3D2FA19}"
EndProject
Project("{9A19103F-16F7-4668-BE54-9A1E7A4F7556}") = "MaterialQuality.Console", "MaterialQuality.Console\MaterialQuality.Console.csproj", "{26E1EC98-5E2E-4B32-A478-274006945FE9}"
EndProject
Global
	GlobalSection(SolutionConfigurationPlatforms) = preSolution
		Debug|Any CPU = Debug|Any CPU
		Release|Any CPU = Release|Any CPU
	EndGlobalSection
	GlobalSection(ProjectConfigurationPlatforms) = postSolution
		{5687B793-E2A6-46B5-BC88-7F2899EE1402}.Debug|Any CPU.ActiveCfg = Debug|Any CPU
		{5687B793-E2A6-46B5-BC88-7F2899EE1402}.Debug|Any CPU.Build.0 = Debug|Any CPU
		{5687B793-E2A6-46B5-BC88-7F2899EE1402}.Release|Any CPU.ActiveCfg = Release|Any CPU
		{5687B793-E2A6-46B5-BC88-7F2899EE1402}.Release|Any CPU.Build.0 = Release|Any CPU
		{8850089A-8DD4-4EEE-8B16-BE21A3D2FA19}.Debug|Any CPU.ActiveCfg = Debug|Any CPU
		{8850089A-8DD4-4EEE-8B16-BE21A3D2FA19}.Debug|Any CPU.Build.0 = Debug|Any CPU
		{8850089A-8DD4-4EEE-8B16-BE21A3D2FA19}.Release|Any CPU.ActiveCfg = Release|Any CPU
		{8850089A-8DD4-4EEE-8B16-BE21A3D2FA19}.Release|Any CPU.Build.0 = Release|Any CPU
		{26E1EC98-5E2E-4B32-A478-274006945FE9}.Debug|Any CPU.ActiveCfg = Debug|Any CPU
		{26E1EC98-5E2E-4B32-A478-274006945FE9}.Debug|Any CPU.Build.0 = Debug|Any CPU
		{26E1EC98-5E2E-4B32-A478-274006945FE9}.Release|Any CPU.ActiveCfg = Release|Any CPU
		{26E1EC98-5E2E-4B32-A478-274006945FE9}.Release|Any CPU.Build.0 = Release|Any CPU
	EndGlobalSection
	GlobalSection(SolutionProperties) = preSolution
		HideSolutionNode = FALSE
	EndGlobalSection
	GlobalSection(ExtensibilityGlobals) = postSolution
		SolutionGuid = {9A009629-CCCA-4992-8C57-F037F549E837}
	EndGlobalSection
EndGlobal
